# This file is autogenerated, do not edit; changes may be undone by the next 'dep ensure'.


[[projects]]
  branch = "master"
  digest = "1:5e33f17a0345f8ff94763b128e790293c0d5b060d57a32aadfcc23fd51a619fa"
  name = "github.com/buger/jsonparser"
  packages = ["."]
  pruneopts = "UT"
  revision = "6acdf747ae99cad92d1e8134606008acaca71844"

[[projects]]
  digest = "1:ffe9824d294da03b391f44e1ae8281281b4afc1bdaa9588c9097785e3af10cec"
  name = "github.com/davecgh/go-spew"
  packages = ["spew"]
  pruneopts = "UT"
  revision = "8991bc29aa16c548c550c7ff78260e27b9ab7c73"
  version = "v1.1.1"

[[projects]]
  digest = "1:c116114869f44c711fa5baf9e019fa327101c82ddc4dcc1de84db1f6c43a2d36"
  name = "github.com/go-ozzo/ozzo-validation"
  packages = ["."]
  pruneopts = "UT"
  revision = "106681dbb37bfa3e7683c4c8129cb7f5925ea3e9"
  version = "v3.5.0"

[[projects]]
  digest = "1:586ea76dbd0374d6fb649a91d70d652b7fe0ccffb8910a77468e7702e7901f3d"
  name = "github.com/go-stack/stack"
  packages = ["."]
  pruneopts = "UT"
  revision = "2fee6af1a9795aafbe0253a0cfbdf668e1fb8a9a"
  version = "v1.8.0"

[[projects]]
  branch = "master"
  digest = "1:4a0c6bb4805508a6287675fac876be2ac1182539ca8a32468d8128882e9d5009"
  name = "github.com/golang/snappy"
  packages = ["."]
  pruneopts = "UT"
  revision = "2e65f85255dbc3072edf28d6b5b8efc472979f5a"

[[projects]]
  digest = "1:1f4b55d7c57681ad91b7ce3ac7c8e7b139e6dd2f477c5f87e6a7749d298645dc"
  name = "github.com/joho/godotenv"
  packages = [
    ".",
    "autoload",
  ]
  pruneopts = "UT"
  revision = "23d116af351c84513e1946b527c88823e476be13"
  version = "v1.3.0"

[[projects]]
  digest = "1:bf8079a82a9d26fbfe7ea6b886878b0f3d8d00b174e364b024ca5c50e59c8d92"
  name = "github.com/mongodb/mongo-go-driver"
  packages = [
    "bson",
    "bson/bsoncodec",
    "bson/builder",
    "bson/decimal",
    "bson/elements",
    "bson/internal/llbson",
    "bson/objectid",
    "bson/parser",
    "bson/parser/ast",
    "core/address",
    "core/auth",
    "core/auth/internal/gssapi",
    "core/command",
    "core/compressor",
    "core/connection",
    "core/connstring",
    "core/description",
    "core/dispatch",
    "core/event",
    "core/option",
    "core/readconcern",
    "core/readpref",
    "core/result",
    "core/session",
    "core/tag",
    "core/topology",
    "core/uuid",
    "core/version",
    "core/wiremessage",
    "core/writeconcern",
    "internal",
    "mongo",
    "mongo/aggregateopt",
    "mongo/changestreamopt",
    "mongo/clientopt",
    "mongo/collectionopt",
    "mongo/countopt",
    "mongo/dbopt",
    "mongo/deleteopt",
    "mongo/distinctopt",
    "mongo/dropcollopt",
    "mongo/findopt",
    "mongo/indexopt",
    "mongo/insertopt",
    "mongo/listcollectionopt",
    "mongo/listdbopt",
    "mongo/mongoopt",
    "mongo/replaceopt",
    "mongo/runcmdopt",
    "mongo/sessionopt",
    "mongo/transactionopt",
    "mongo/updateopt",
  ]
  pruneopts = "UT"
  revision = "71de844febff6ac5b6fc6ba165e24e9677d2ee05"
  version = "v0.0.15"

[[projects]]
  digest = "1:5b3b29ce0e569f62935d9541dff2e16cc09df981ebde48e82259076a73a3d0c7"
  name = "github.com/op/go-logging"
  packages = ["."]
  pruneopts = "UT"
  revision = "b2cb9fa56473e98db8caba80237377e83fe44db5"
  version = "v1"

[[projects]]
  digest = "1:0028cb19b2e4c3112225cd871870f2d9cf49b9b4276531f03438a88e94be86fe"
  name = "github.com/pmezard/go-difflib"
  packages = ["difflib"]
  pruneopts = "UT"
  revision = "792786c7400a136282c1664665ae0a8db921c6c2"
  version = "v1.0.0"

[[projects]]
  digest = "1:18752d0b95816a1b777505a97f71c7467a8445b8ffb55631a7bf779f6ba4fa83"
  name = "github.com/stretchr/testify"
  packages = ["assert"]
  pruneopts = "UT"
  revision = "f35b8ab0b5a2cef36673838d662e249dd9c94686"
  version = "v1.2.2"

[[projects]]
  branch = "master"
  digest = "1:40fdfd6ab85ca32b6935853bbba35935dcb1d796c8135efd85947566c76e662e"
  name = "github.com/xdg/scram"
  packages = ["."]
  pruneopts = "UT"
  revision = "7eeb5667e42c09cb51bf7b7c28aea8c56767da90"

[[projects]]
  digest = "1:577b99fc55ee19cbf1ffd072808c91ced78cd732bd9d0517bec9b90e532069cb"
  name = "github.com/xdg/stringprep"
  packages = ["."]
  pruneopts = "UT"
  revision = "bd625b8dc1e3b0f57412280ccbcc317f0c69d8db"
  version = "v1.0.0"

[[projects]]
  branch = "master"
  digest = "1:f92f6956e4059f6a3efc14924d2dd58ba90da25cc57fe07ae3779ef2f5e0c5f2"
  name = "golang.org/x/crypto"
  packages = ["pbkdf2"]
  pruneopts = "UT"
  revision = "e3636079e1a4c1f337f212cc5cd2aca108f6c900"

[[projects]]
  branch = "master"
  digest = "1:76ee51c3f468493aff39dbacc401e8831fbb765104cbf613b89bef01cf4bad70"
  name = "golang.org/x/net"
  packages = ["context"]
  pruneopts = "UT"
  revision = "146acd28ed5894421fb5aac80ca93bc1b1f46f87"

[[projects]]
  branch = "master"
  digest = "1:e0140c0c868c6e0f01c0380865194592c011fe521d6e12d78bfd33e756fe018a"
  name = "golang.org/x/sync"
  packages = ["semaphore"]
  pruneopts = "UT"
  revision = "1d60e4601c6fd243af51cc01ddf169918a5407ca"

[[projects]]
  digest = "1:8029e9743749d4be5bc9f7d42ea1659471767860f0cdc34d37c3111bd308a295"
  name = "golang.org/x/text"
  packages = [
    "internal/gen",
    "internal/triegen",
    "internal/ucd",
    "transform",
    "unicode/cldr",
    "unicode/norm",
  ]
  pruneopts = "UT"
  revision = "f21a4dfb5e38f5895301dc265a8def02365cc3d0"
  version = "v0.3.0"

[solve-meta]
  analyzer-name = "dep"
  analyzer-version = 1
  input-imports = [
    "github.com/go-ozzo/ozzo-validation",
    "github.com/joho/godotenv/autoload",
    "github.com/mongodb/mongo-go-driver/mongo",
    "github.com/op/go-logging",
    "github.com/stretchr/testify/assert",
  ]
  solver-name = "gps-cdcl"
  solver-version = 1
